
Microsoft Visual Studio Solution File, Format Version 12.00
# Visual Studio Version 17
VisualStudioVersion = 17.4.33122.133
MinimumVisualStudioVersion = 10.0.40219.1
Project("{8BC9CEB8-8B4A-11D0-8D11-00A0C91BC942}") = "Disk_Jockey_Engine_Mini", "Disk_Jockey_Engine_Mini.vcxproj", "{CBDA5879-6DB1-4E1B-943C-AC5CC83D8934}"
EndProject
Project("{8BC9CEB8-8B4A-11D0-8D11-00A0C91BC942}") = "SoundTouch", "SoundTouch\SoundTouch.vcxproj", "{68A5DD20-7057-448B-8FE0-B6AC8D205509}"
EndProject
Project("{8BC9CEB8-8B4A-11D0-8D11-00A0C91BC942}") = "DJ_unittest", "..\DJ_unittest\DJ_unittest.vcxproj", "{4B0A823D-1B6F-4B19-9B0D-7D0003D7B248}"
EndProject
Global
	GlobalSection(SolutionConfigurationPlatforms) = preSolution
		Debug|x64 = Debug|x64
		Debug|x86 = Debug|x86
		Release|x64 = Release|x64
		Release|x86 = Release|x86
	EndGlobalSection
	GlobalSection(ProjectConfigurationPlatforms) = postSolution
		{CBDA5879-6DB1-4E1B-943C-AC5CC83D8934}.Debug|x64.ActiveCfg = Debug|x64
		{CBDA5879-6DB1-4E1B-943C-AC5CC83D8934}.Debug|x64.Build.0 = Debug|x64
		{CBDA5879-6DB1-4E1B-943C-AC5CC83D8934}.Debug|x86.ActiveCfg = Debug|Win32
		{CBDA5879-6DB1-4E1B-943C-AC5CC83D8934}.Debug|x86.Build.0 = Debug|Win32
		{CBDA5879-6DB1-4E1B-943C-AC5CC83D8934}.Release|x64.ActiveCfg = Release|x64
		{CBDA5879-6DB1-4E1B-943C-AC5CC83D8934}.Release|x64.Build.0 = Release|x64
		{CBDA5879-6DB1-4E1B-943C-AC5CC83D8934}.Release|x86.ActiveCfg = Release|Win32
		{CBDA5879-6DB1-4E1B-943C-AC5CC83D8934}.Release|x86.Build.0 = Release|Win32
		{68A5DD20-7057-448B-8FE0-B6AC8D205509}.Debug|x64.ActiveCfg = Debug|x64
		{68A5DD20-7057-448B-8FE0-B6AC8D205509}.Debug|x64.Build.0 = Debug|x64
		{68A5DD20-7057-448B-8FE0-B6AC8D205509}.Debug|x86.ActiveCfg = Debug|Win32
		{68A5DD20-7057-448B-8FE0-B6AC8D205509}.Debug|x86.Build.0 = Debug|Win32
		{68A5DD20-7057-448B-8FE0-B6AC8D205509}.Release|x64.ActiveCfg = Release|x64
		{68A5DD20-7057-448B-8FE0-B6AC8D205509}.Release|x64.Build.0 = Release|x64
		{68A5DD20-7057-448B-8FE0-B6AC8D205509}.Release|x86.ActiveCfg = Release|Win32
		{68A5DD20-7057-448B-8FE0-B6AC8D205509}.Release|x86.Build.0 = Release|Win32
		{4B0A823D-1B6F-4B19-9B0D-7D0003D7B248}.Debug|x64.ActiveCfg = Debug|x64
		{4B0A823D-1B6F-4B19-9B0D-7D0003D7B248}.Debug|x64.Build.0 = Debug|x64
		{4B0A823D-1B6F-4B19-9B0D-7D0003D7B248}.Debug|x86.ActiveCfg = Debug|Win32
		{4B0A823D-1B6F-4B19-9B0D-7D0003D7B248}.Debug|x86.Build.0 = Debug|Win32
		{4B0A823D-1B6F-4B19-9B0D-7D0003D7B248}.Release|x64.ActiveCfg = Release|x64
		{4B0A823D-1B6F-4B19-9B0D-7D0003D7B248}.Release|x64.Build.0 = Release|x64
		{4B0A823D-1B6F-4B19-9B0D-7D0003D7B248}.Release|x86.ActiveCfg = Release|Win32
		{4B0A823D-1B6F-4B19-9B0D-7D0003D7B248}.Release|x86.Build.0 = Release|Win32
	EndGlobalSection
	GlobalSection(SolutionProperties) = preSolution
		HideSolutionNode = FALSE
	EndGlobalSection
	GlobalSection(ExtensibilityGlobals) = postSolution
		SolutionGuid = {6A1F9F7E-8BCD-44BA-A919-907943534007}
	EndGlobalSection
EndGlobal
