<?xml version="1.0" encoding="utf-8"?>
<Project ToolsVersion="4.0" xmlns="http://schemas.microsoft.com/developer/msbuild/2003">
  <ItemGroup>
    <Filter Include="소스 파일">
      <UniqueIdentifier>{4FC737F1-C7A5-4376-A066-2A32D752A2FF}</UniqueIdentifier>
      <Extensions>cpp;c;cc;cxx;c++;cppm;ixx;def;odl;idl;hpj;bat;asm;asmx</Extensions>
    </Filter>
    <Filter Include="헤더 파일">
      <UniqueIdentifier>{93995380-89BD-4b04-88EB-625FBE52EBFB}</UniqueIdentifier>
      <Extensions>h;hh;hpp;hxx;h++;hm;inl;inc;ipp;xsd</Extensions>
    </Filter>
    <Filter Include="리소스 파일">
      <UniqueIdentifier>{67DA6AB6-F800-4c08-8B7A-83BB121AAD01}</UniqueIdentifier>
      <Extensions>rc;ico;cur;bmp;dlg;rc2;rct;bin;rgs;gif;jpg;jpeg;jpe;resx;tiff;tif;png;wav;mfcribbon-ms</Extensions>
    </Filter>
  </ItemGroup>
  <ItemGroup>
    <ClInclude Include="engine_include\core_header\ALBUM.h">
      <Filter>헤더 파일</Filter>
    </ClInclude>
    <ClInclude Include="engine_include\core_header\beat_compiler_extension.h">
      <Filter>헤더 파일</Filter>
    </ClInclude>
    <ClInclude Include="engine_include\core_header\CURSOR.h">
      <Filter>헤더 파일</Filter>
    </ClInclude>
    <ClInclude Include="engine_include\core_header\DeckWorker.h">
      <Filter>헤더 파일</Filter>
    </ClInclude>
    <ClInclude Include="engine_include\core_header\Processor.h">
      <Filter>헤더 파일</Filter>
    </ClInclude>
    <ClInclude Include="engine_include\core_header\sound_module.h">
      <Filter>헤더 파일</Filter>
    </ClInclude>
    <ClInclude Include="engine_include\data_structs\dj_BSL.h">
      <Filter>헤더 파일</Filter>
    </ClInclude>
    <ClInclude Include="engine_include\data_structs\GlobalStructs.h">
      <Filter>헤더 파일</Filter>
    </ClInclude>
    <ClInclude Include="engine_include\data_structs\music_label_BSL.h">
      <Filter>헤더 파일</Filter>
    </ClInclude>
    <ClInclude Include="engine_include\data_structs\paper_BSL.h">
      <Filter>헤더 파일</Filter>
    </ClInclude>
    <ClInclude Include="engine_include\Faust_code\faust_v42_SIMD.hpp">
      <Filter>헤더 파일</Filter>
    </ClInclude>
    <ClInclude Include="engine_include\wrapper\Binary_Save_Load_Main.h">
      <Filter>헤더 파일</Filter>
    </ClInclude>
    <ClInclude Include="engine_include\wrapper\MiniAudioWrapper.h">
      <Filter>헤더 파일</Filter>
    </ClInclude>
    <ClInclude Include="engine_include\default_functions.h">
      <Filter>헤더 파일</Filter>
    </ClInclude>
    <ClInclude Include="engine_include\EngineCallBacks.h">
      <Filter>헤더 파일</Filter>
    </ClInclude>
    <ClInclude Include="miniaudio\miniaudio.h">
      <Filter>헤더 파일</Filter>
    </ClInclude>
    <ClInclude Include="engine_include\core_header\Engine_Main.h">
      <Filter>헤더 파일</Filter>
    </ClInclude>
  </ItemGroup>
  <ItemGroup>
    <ClCompile Include="engine_src\ALBUM.cpp">
      <Filter>소스 파일</Filter>
    </ClCompile>
    <ClCompile Include="engine_src\beat_compiler_extension.cpp">
      <Filter>소스 파일</Filter>
    </ClCompile>
    <ClCompile Include="engine_src\CURSOR.cpp">
      <Filter>소스 파일</Filter>
    </ClCompile>
    <ClCompile Include="engine_src\DeckWorker.cpp">
      <Filter>소스 파일</Filter>
    </ClCompile>
    <ClCompile Include="engine_src\Engine_Main.cpp">
      <Filter>소스 파일</Filter>
    </ClCompile>
    <ClCompile Include="engine_src\MiniAudioWrapper.cpp">
      <Filter>소스 파일</Filter>
    </ClCompile>
    <ClCompile Include="engine_src\Processor.cpp">
      <Filter>소스 파일</Filter>
    </ClCompile>
    <ClCompile Include="engine_src\sound_module.cpp">
      <Filter>소스 파일</Filter>
    </ClCompile>
    <ClCompile Include="miniaudio\miniaudio.c">
      <Filter>소스 파일</Filter>
    </ClCompile>
  </ItemGroup>
</Project>